// !$*UTF8*$!
{
	archiveVersion = 1;
	classes = {
	};
	objectVersion = 46;
	objects = {

/* Begin PBXBuildFile section */
		CB3345A41B182A0B00B85C7C /* main.m in Sources */ = {isa = PBXBuildFile; fileRef = CB3345A31B182A0B00B85C7C /* main.m */; };
		CB3345A71B182A0B00B85C7C /* AppDelegate.m in Sources */ = {isa = PBXBuildFile; fileRef = CB3345A61B182A0B00B85C7C /* AppDelegate.m */; };
		CB3345AA1B182A0B00B85C7C /* ViewController.m in Sources */ = {isa = PBXBuildFile; fileRef = CB3345A91B182A0B00B85C7C /* ViewController.m */; };
		CB3345AD1B182A0B00B85C7C /* Main.storyboard in Resources */ = {isa = PBXBuildFile; fileRef = CB3345AB1B182A0B00B85C7C /* Main.storyboard */; };
		CB3345AF1B182A0B00B85C7C /* Images.xcassets in Resources */ = {isa = PBXBuildFile; fileRef = CB3345AE1B182A0B00B85C7C /* Images.xcassets */; };
		CB3345B21B182A0B00B85C7C /* LaunchScreen.xib in Resources */ = {isa = PBXBuildFile; fileRef = CB3345B01B182A0B00B85C7C /* LaunchScreen.xib */; };
		CB3345BE1B182A0B00B85C7C /* GitTestTests.m in Sources */ = {isa = PBXBuildFile; fileRef = CB3345BD1B182A0B00B85C7C /* GitTestTests.m */; };
/* End PBXBuildFile section */

/* Begin PBXContainerItemProxy section */
		CB3345B81B182A0B00B85C7C /* PBXContainerItemProxy */ = {
			isa = PBXContainerItemProxy;
			containerPortal = CB3345961B182A0B00B85C7C /* Project object */;
			proxyType = 1;
			remoteGlobalIDString = CB33459D1B182A0B00B85C7C;
			remoteInfo = GitTest;
		};
/* End PBXContainerItemProxy section */

/* Begin PBXFileReference section */
		CB33459E1B182A0B00B85C7C /* GitTest.app */ = {isa = PBXFileReference; explicitFileType = wrapper.application; includeInIndex = 0; path = GitTest.app; sourceTree = BUILT_PRODUCTS_DIR; };
		CB3345A21B182A0B00B85C7C /* Info.plist */ = {isa = PBXFileReference; lastKnownFileType = text.plist.xml; path = Info.plist; sourceTree = "<group>"; };
		CB3345A31B182A0B00B85C7C /* main.m */ = {isa = PBXFileReference; lastKnownFileType = sourcecode.c.objc; path = main.m; sourceTree = "<group>"; };
		CB3345A51B182A0B00B85C7C /* AppDelegate.h */ = {isa = PBXFileReference; lastKnownFileType = sourcecode.c.h; path = AppDelegate.h; sourceTree = "<group>"; };
		CB3345A61B182A0B00B85C7C /* AppDelegate.m */ = {isa = PBXFileReference; lastKnownFileType = sourcecode.c.objc; path = AppDelegate.m; sourceTree = "<group>"; };
		CB3345A81B182A0B00B85C7C /* ViewController.h */ = {isa = PBXFileReference; lastKnownFileType = sourcecode.c.h; path = ViewController.h; sourceTree = "<group>"; };
		CB3345A91B182A0B00B85C7C /* ViewController.m */ = {isa = PBXFileReference; lastKnownFileType = sourcecode.c.objc; path = ViewController.m; sourceTree = "<group>"; };
		CB3345AC1B182A0B00B85C7C /* Base */ = {isa = PBXFileReference; lastKnownFileType = file.storyboard; name = Base; path = Base.lproj/Main.storyboard; sourceTree = "<group>"; };
		CB3345AE1B182A0B00B85C7C /* Images.xcassets */ = {isa = PBXFileReference; lastKnownFileType = folder.assetcatalog; path = Images.xcassets; sourceTree = "<group>"; };
		CB3345B11B182A0B00B85C7C /* Base */ = {isa = PBXFileReference; lastKnownFileType = file.xib; name = Base; path = Base.lproj/LaunchScreen.xib; sourceTree = "<group>"; };
		CB3345B71B182A0B00B85C7C /* GitTestTests.xctest */ = {isa = PBXFileReference; explicitFileType = wrapper.cfbundle; includeInIndex = 0; path = GitTestTests.xctest; sourceTree = BUILT_PRODUCTS_DIR; };
		CB3345BC1B182A0B00B85C7C /* Info.plist */ = {isa = PBXFileReference; lastKnownFileType = text.plist.xml; path = Info.plist; sourceTree = "<group>"; };
		CB3345BD1B182A0B00B85C7C /* GitTestTests.m */ = {isa = PBXFileReference; lastKnownFileType = sourcecode.c.objc; path = GitTestTests.m; sourceTree = "<group>"; };
/* End PBXFileReference section */

/* Begin PBXFrameworksBuildPhase section */
		CB33459B1B182A0B00B85C7C /* Frameworks */ = {
			isa = PBXFrameworksBuildPhase;
			buildActionMask = 2147483647;
			files = (
			);
			runOnlyForDeploymentPostprocessing = 0;
		};
		CB3345B41B182A0B00B85C7C /* Frameworks */ = {
			isa = PBXFrameworksBuildPhase;
			buildActionMask = 2147483647;
			files = (
			);
			runOnlyForDeploymentPostprocessing = 0;
		};
/* End PBXFrameworksBuildPhase section */

/* Begin PBXGroup section */
		CB3345951B182A0B00B85C7C = {
			isa = PBXGroup;
			children = (
				CB3345A01B182A0B00B85C7C /* GitTest */,
				CB3345BA1B182A0B00B85C7C /* GitTestTests */,
				CB33459F1B182A0B00B85C7C /* Products */,
			);
			sourceTree = "<group>";
		};
		CB33459F1B182A0B00B85C7C /* Products */ = {
			isa = PBXGroup;
			children = (
				CB33459E1B182A0B00B85C7C /* GitTest.app */,
				CB3345B71B182A0B00B85C7C /* GitTestTests.xctest */,
			);
			name = Products;
			sourceTree = "<group>";
		};
		CB3345A01B182A0B00B85C7C /* GitTest */ = {
			isa = PBXGroup;
			children = (
				CB3345A51B182A0B00B85C7C /* AppDelegate.h */,
				CB3345A61B182A0B00B85C7C /* AppDelegate.m */,
				CB3345A81B182A0B00B85C7C /* ViewController.h */,
				CB3345A91B182A0B00B85C7C /* ViewController.m */,
				CB3345AB1B182A0B00B85C7C /* Main.storyboard */,
				CB3345AE1B182A0B00B85C7C /* Images.xcassets */,
				CB3345B01B182A0B00B85C7C /* LaunchScreen.xib */,
				CB3345A11B182A0B00B85C7C /* Supporting Files */,
			);
			path = GitTest;
			sourceTree = "<group>";
		};
		CB3345A11B182A0B00B85C7C /* Supporting Files */ = {
			isa = PBXGroup;
			children = (
				CB3345A21B182A0B00B85C7C /* Info.plist */,
				CB3345A31B182A0B00B85C7C /* main.m */,
			);
			name = "Supporting Files";
			sourceTree = "<group>";
		};
		CB3345BA1B182A0B00B85C7C /* GitTestTests */ = {
			isa = PBXGroup;
			children = (
				CB3345BD1B182A0B00B85C7C /* GitTestTests.m */,
				CB3345BB1B182A0B00B85C7C /* Supporting Files */,
			);
			path = GitTestTests;
			sourceTree = "<group>";
		};
		CB3345BB1B182A0B00B85C7C /* Supporting Files */ = {
			isa = PBXGroup;
			children = (
				CB3345BC1B182A0B00B85C7C /* Info.plist */,
			);
			name = "Supporting Files";
			sourceTree = "<group>";
		};
/* End PBXGroup section */

/* Begin PBXNativeTarget section */
		CB33459D1B182A0B00B85C7C /* GitTest */ = {
			isa = PBXNativeTarget;
			buildConfigurationList = CB3345C11B182A0B00B85C7C /* Build configuration list for PBXNativeTarget "GitTest" */;
			buildPhases = (
				CB33459A1B182A0B00B85C7C /* Sources */,
				CB33459B1B182A0B00B85C7C /* Frameworks */,
				CB33459C1B182A0B00B85C7C /* Resources */,
			);
			buildRules = (
			);
			dependencies = (
			);
			name = GitTest;
			productName = GitTest;
			productReference = CB33459E1B182A0B00B85C7C /* GitTest.app */;
			productType = "com.apple.product-type.application";
		};
		CB3345B61B182A0B00B85C7C /* GitTestTests */ = {
			isa = PBXNativeTarget;
			buildConfigurationList = CB3345C41B182A0B00B85C7C /* Build configuration list for PBXNativeTarget "GitTestTests" */;
			buildPhases = (
				CB3345B31B182A0B00B85C7C /* Sources */,
				CB3345B41B182A0B00B85C7C /* Frameworks */,
				CB3345B51B182A0B00B85C7C /* Resources */,
			);
			buildRules = (
			);
			dependencies = (
				CB3345B91B182A0B00B85C7C /* PBXTargetDependency */,
			);
			name = GitTestTests;
			productName = GitTestTests;
			productReference = CB3345B71B182A0B00B85C7C /* GitTestTests.xctest */;
			productType = "com.apple.product-type.bundle.unit-test";
		};
/* End PBXNativeTarget section */

/* Begin PBXProject section */
		CB3345961B182A0B00B85C7C /* Project object */ = {
			isa = PBXProject;
			attributes = {
				LastUpgradeCheck = 0630;
				ORGANIZATIONNAME = QBurst;
				TargetAttributes = {
					CB33459D1B182A0B00B85C7C = {
						CreatedOnToolsVersion = 6.3.2;
					};
					CB3345B61B182A0B00B85C7C = {
						CreatedOnToolsVersion = 6.3.2;
						TestTargetID = CB33459D1B182A0B00B85C7C;
					};
				};
			};
			buildConfigurationList = CB3345991B182A0B00B85C7C /* Build configuration list for PBXProject "GitTest" */;
			compatibilityVersion = "Xcode 3.2";
			developmentRegion = English;
			hasScannedForEncodings = 0;
			knownRegions = (
				en,
				Base,
			);
			mainGroup = CB3345951B182A0B00B85C7C;
			productRefGroup = CB33459F1B182A0B00B85C7C /* Products */;
			projectDirPath = "";
			projectRoot = "";
			targets = (
				CB33459D1B182A0B00B85C7C /* GitTest */,
				CB3345B61B182A0B00B85C7C /* GitTestTests */,
			);
		};
/* End PBXProject section */

/* Begin PBXResourcesBuildPhase section */
		CB33459C1B182A0B00B85C7C /* Resources */ = {
			isa = PBXResourcesBuildPhase;
			buildActionMask = 2147483647;
			files = (
				CB3345AD1B182A0B00B85C7C /* Main.storyboard in Resources */,
				CB3345B21B182A0B00B85C7C /* LaunchScreen.xib in Resources */,
				CB3345AF1B182A0B00B85C7C /* Images.xcassets in Resources */,
			);
			runOnlyForDeploymentPostprocessing = 0;
		};
		CB3345B51B182A0B00B85C7C /* Resources */ = {
			isa = PBXResourcesBuildPhase;
			buildActionMask = 2147483647;
			files = (
			);
			runOnlyForDeploymentPostprocessing = 0;
		};
/* End PBXResourcesBuildPhase section */

/* Begin PBXSourcesBuildPhase section */
		CB33459A1B182A0B00B85C7C /* Sources */ = {
			isa = PBXSourcesBuildPhase;
			buildActionMask = 2147483647;
			files = (
				CB3345AA1B182A0B00B85C7C /* ViewController.m in Sources */,
				CB3345A71B182A0B00B85C7C /* AppDelegate.m in Sources */,
				CB3345A41B182A0B00B85C7C /* main.m in Sources */,
			);
			runOnlyForDeploymentPostprocessing = 0;
		};
		CB3345B31B182A0B00B85C7C /* Sources */ = {
			isa = PBXSourcesBuildPhase;
			buildActionMask = 2147483647;
			files = (
				CB3345BE1B182A0B00B85C7C /* GitTestTests.m in Sources */,
			);
			runOnlyForDeploymentPostprocessing = 0;
		};
/* End PBXSourcesBuildPhase section */

/* Begin PBXTargetDependency section */
		CB3345B91B182A0B00B85C7C /* PBXTargetDependency */ = {
			isa = PBXTargetDependency;
			target = CB33459D1B182A0B00B85C7C /* GitTest */;
			targetProxy = CB3345B81B182A0B00B85C7C /* PBXContainerItemProxy */;
		};
/* End PBXTargetDependency section */

/* Begin PBXVariantGroup section */
		CB3345AB1B182A0B00B85C7C /* Main.storyboard */ = {
			isa = PBXVariantGroup;
			children = (
				CB3345AC1B182A0B00B85C7C /* Base */,
			);
			name = Main.storyboard;
			sourceTree = "<group>";
		};
		CB3345B01B182A0B00B85C7C /* LaunchScreen.xib */ = {
			isa = PBXVariantGroup;
			children = (
				CB3345B11B182A0B00B85C7C /* Base */,
			);
			name = LaunchScreen.xib;
			sourceTree = "<group>";
		};
/* End PBXVariantGroup section */

/* Begin XCBuildConfiguration section */
		CB3345BF1B182A0B00B85C7C /* Debug */ = {
			isa = XCBuildConfiguration;
			buildSettings = {
				ALWAYS_SEARCH_USER_PATHS = NO;
				CLANG_CXX_LANGUAGE_STANDARD = "gnu++0x";
				CLANG_CXX_LIBRARY = "libc++";
				CLANG_ENABLE_MODULES = YES;
				CLANG_ENABLE_OBJC_ARC = YES;
				CLANG_WARN_BOOL_CONVERSION = YES;
				CLANG_WARN_CONSTANT_CONVERSION = YES;
				CLANG_WARN_DIRECT_OBJC_ISA_USAGE = YES_ERROR;
				CLANG_WARN_EMPTY_BODY = YES;
				CLANG_WARN_ENUM_CONVERSION = YES;
				CLANG_WARN_INT_CONVERSION = YES;
				CLANG_WARN_OBJC_ROOT_CLASS = YES_ERROR;
				CLANG_WARN_UNREACHABLE_CODE = YES;
				CLANG_WARN__DUPLICATE_METHOD_MATCH = YES;
				"CODE_SIGN_IDENTITY[sdk=iphoneos*]" = "iPhone Developer";
				COPY_PHASE_STRIP = NO;
				DEBUG_INFORMATION_FORMAT = "dwarf-with-dsym";
				ENABLE_STRICT_OBJC_MSGSEND = YES;
				GCC_C_LANGUAGE_STANDARD = gnu99;
				GCC_DYNAMIC_NO_PIC = NO;
				GCC_NO_COMMON_BLOCKS = YES;
				GCC_OPTIMIZATION_LEVEL = 0;
				GCC_PREPROCESSOR_DEFINITIONS = (
					"DEBUG=1",
					"$(inherited)",
				);
				GCC_SYMBOLS_PRIVATE_EXTERN = NO;
				GCC_WARN_64_TO_32_BIT_CONVERSION = YES;
				GCC_WARN_ABOUT_RETURN_TYPE = YES_ERROR;
				GCC_WARN_UNDECLARED_SELECTOR = YES;
				GCC_WARN_UNINITIALIZED_AUTOS = YES_AGGRESSIVE;
				GCC_WARN_UNUSED_FUNCTION = YES;
				GCC_WARN_UNUSED_VARIABLE = YES;
				IPHONEOS_DEPLOYMENT_TARGET = 8.3;
				MTL_ENABLE_DEBUG_INFO = YES;
				ONLY_ACTIVE_ARCH = YES;
				SDKROOT = iphoneos;
			};
			name = Debug;
		};
		CB3345C01B182A0B00B85C7C /* Release */ = {
			isa = XCBuildConfiguration;
			buildSettings = {
				ALWAYS_SEARCH_USER_PATHS = NO;
				CLANG_CXX_LANGUAGE_STANDARD = "gnu++0x";
				CLANG_CXX_LIBRARY = "libc++";
				CLANG_ENABLE_MODULES = YES;
				CLANG_ENABLE_OBJC_ARC = YES;
				CLANG_WARN_BOOL_CONVERSION = YES;
				CLANG_WARN_CONSTANT_CONVERSION = YES;
				CLANG_WARN_DIRECT_OBJC_ISA_USAGE = YES_ERROR;
				CLANG_WARN_EMPTY_BODY = YES;
				CLANG_WARN_ENUM_CONVERSION = YES;
				CLANG_WARN_INT_CONVERSION = YES;
				CLANG_WARN_OBJC_ROOT_CLASS = YES_ERROR;
				CLANG_WARN_UNREACHABLE_CODE = YES;
				CLANG_WARN__DUPLICATE_METHOD_MATCH = YES;
				"CODE_SIGN_IDENTITY[sdk=iphoneos*]" = "iPhone Developer";
				COPY_PHASE_STRIP = NO;
				DEBUG_INFORMATION_FORMAT = "dwarf-with-dsym";
				ENABLE_NS_ASSERTIONS = NO;
				ENABLE_STRICT_OBJC_MSGSEND = YES;
				GCC_C_LANGUAGE_STANDARD = gnu99;
				GCC_NO_COMMON_BLOCKS = YES;
				GCC_WARN_64_TO_32_BIT_CONVERSION = YES;
				GCC_WARN_ABOUT_RETURN_TYPE = YES_ERROR;
				GCC_WARN_UNDECLARED_SELECTOR = YES;
				GCC_WARN_UNINITIALIZED_AUTOS = YES_AGGRESSIVE;
				GCC_WARN_UNUSED_FUNCTION = YES;
				GCC_WARN_UNUSED_VARIABLE = YES;
				IPHONEOS_DEPLOYMENT_TARGET = 8.3;
				MTL_ENABLE_DEBUG_INFO = NO;
				SDKROOT = iphoneos;
				VALIDATE_PRODUCT = YES;
			};
			name = Release;
		};
		CB3345C21B182A0B00B85C7C /* Debug */ = {
			isa = XCBuildConfiguration;
			buildSettings = {
				ASSETCATALOG_COMPILER_APPICON_NAME = AppIcon;
				INFOPLIST_FILE = GitTest/Info.plist;
				LD_RUNPATH_SEARCH_PATHS = "$(inherited) @executable_path/Frameworks";
				PRODUCT_NAME = "$(TARGET_NAME)";
			};
			name = Debug;
		};
		CB3345C31B182A0B00B85C7C /* Release */ = {
			isa = XCBuildConfiguration;
			buildSettings = {
				ASSETCATALOG_COMPILER_APPICON_NAME = AppIcon;
				INFOPLIST_FILE = GitTest/Info.plist;
				LD_RUNPATH_SEARCH_PATHS = "$(inherited) @executable_path/Frameworks";
				PRODUCT_NAME = "$(TARGET_NAME)";
			};
			name = Release;
		};
		CB3345C51B182A0B00B85C7C /* Debug */ = {
			isa = XCBuildConfiguration;
			buildSettings = {
				BUNDLE_LOADER = "$(TEST_HOST)";
				FRAMEWORK_SEARCH_PATHS = (
					"$(SDKROOT)/Developer/Library/Frameworks",
					"$(inherited)",
				);
				GCC_PREPROCESSOR_DEFINITIONS = (
					"DEBUG=1",
					"$(inherited)",
				);
				INFOPLIST_FILE = GitTestTests/Info.plist;
				LD_RUNPATH_SEARCH_PATHS = "$(inherited) @executable_path/Frameworks @loader_path/Frameworks";
				PRODUCT_NAME = "$(TARGET_NAME)";
				TEST_HOST = "$(BUILT_PRODUCTS_DIR)/GitTest.app/GitTest";
			};
			name = Debug;
		};
		CB3345C61B182A0B00B85C7C /* Release */ = {
			isa = XCBuildConfiguration;
			buildSettings = {
				BUNDLE_LOADER = "$(TEST_HOST)";
				FRAMEWORK_SEARCH_PATHS = (
					"$(SDKROOT)/Developer/Library/Frameworks",
					"$(inherited)",
				);
				INFOPLIST_FILE = GitTestTests/Info.plist;
				LD_RUNPATH_SEARCH_PATHS = "$(inherited) @executable_path/Frameworks @loader_path/Frameworks";
				PRODUCT_NAME = "$(TARGET_NAME)";
				TEST_HOST = "$(BUILT_PRODUCTS_DIR)/GitTest.app/GitTest";
			};
			name = Release;
		};
/* End XCBuildConfiguration section */

/* Begin XCConfigurationList section */
		CB3345991B182A0B00B85C7C /* Build configuration list for PBXProject "GitTest" */ = {
			isa = XCConfigurationList;
			buildConfigurations = (
				CB3345BF1B182A0B00B85C7C /* Debug */,
				CB3345C01B182A0B00B85C7C /* Release */,
			);
			defaultConfigurationIsVisible = 0;
			defaultConfigurationName = Release;
		};
		CB3345C11B182A0B00B85C7C /* Build configuration list for PBXNativeTarget "GitTest" */ = {
			isa = XCConfigurationList;
			buildConfigurations = (
				CB3345C21B182A0B00B85C7C /* Debug */,
				CB3345C31B182A0B00B85C7C /* Release */,
			);
			defaultConfigurationIsVisible = 0;
		};
		CB3345C41B182A0B00B85C7C /* Build configuration list for PBXNativeTarget "GitTestTests" */ = {
			isa = XCConfigurationList;
			buildConfigurations = (
				CB3345C51B182A0B00B85C7C /* Debug */,
				CB3345C61B182A0B00B85C7C /* Release */,
			);
			defaultConfigurationIsVisible = 0;
		};
/* End XCConfigurationList section */
	};
	rootObject = CB3345961B182A0B00B85C7C /* Project object */;
}
